
Microsoft Visual Studio Solution File, Format Version 12.00
# Visual Studio 15
VisualStudioVersion = 15.0.28307.705
MinimumVisualStudioVersion = 10.0.40219.1
Project("{9A19103F-16F7-4668-BE54-9A1E7A4F7556}") = "TraceContainerUsage", "TraceContainerUsage\TraceContainerUsage.csproj", "{E013B814-C9C3-4F3F-9A96-5147DFE55F80}"
EndProject
Project("{FAE04EC0-301F-11D3-BF4B-00C04F79EFBC}") = "NServiceBus.TracingContainer", "NServiceBus.TracingContainer\NServiceBus.TracingContainer.csproj", "{C782855F-79E8-4D84-9177-F7A5B807B2BE}"
EndProject
Global
	GlobalSection(SolutionConfigurationPlatforms) = preSolution
		Debug|Any CPU = Debug|Any CPU
		Release|Any CPU = Release|Any CPU
	EndGlobalSection
	GlobalSection(ProjectConfigurationPlatforms) = postSolution
		{E013B814-C9C3-4F3F-9A96-5147DFE55F80}.Debug|Any CPU.ActiveCfg = Debug|Any CPU
		{E013B814-C9C3-4F3F-9A96-5147DFE55F80}.Debug|Any CPU.Build.0 = Debug|Any CPU
		{E013B814-C9C3-4F3F-9A96-5147DFE55F80}.Release|Any CPU.ActiveCfg = Release|Any CPU
		{E013B814-C9C3-4F3F-9A96-5147DFE55F80}.Release|Any CPU.Build.0 = Release|Any CPU
		{C782855F-79E8-4D84-9177-F7A5B807B2BE}.Debug|Any CPU.ActiveCfg = Debug|Any CPU
		{C782855F-79E8-4D84-9177-F7A5B807B2BE}.Debug|Any CPU.Build.0 = Debug|Any CPU
		{C782855F-79E8-4D84-9177-F7A5B807B2BE}.Release|Any CPU.ActiveCfg = Release|Any CPU
		{C782855F-79E8-4D84-9177-F7A5B807B2BE}.Release|Any CPU.Build.0 = Release|Any CPU
	EndGlobalSection
	GlobalSection(SolutionProperties) = preSolution
		HideSolutionNode = FALSE
	EndGlobalSection
	GlobalSection(ExtensibilityGlobals) = postSolution
		SolutionGuid = {45FBC75D-C97B-4CCA-8993-AD81B406EE37}
	EndGlobalSection
EndGlobal
